
Microsoft Visual Studio Solution File, Format Version 12.00
# Visual Studio Version 17
VisualStudioVersion = 17.2.32519.379
MinimumVisualStudioVersion = 10.0.40219.1
Project("{9A19103F-16F7-4668-BE54-9A1E7A4F7556}") = "Interfaces", "Interfaces\Interfaces.csproj", "{725D1E79-0947-4475-B8D3-E0B382994711}"
EndProject
Project("{2150E333-8FDC-42A3-9474-1A3956D46DE8}") = "src", "src", "{2EEAF549-0BE6-4B9A-B2A2-9C9D405E9F48}"
EndProject
Project("{2150E333-8FDC-42A3-9474-1A3956D46DE8}") = "Services", "Services", "{5926CB45-6876-4826-BAC9-5159CFE72BD6}"
EndProject
Project("{9A19103F-16F7-4668-BE54-9A1E7A4F7556}") = "InfluenceCalculator.API", "src\Services\InfluenceCalculator.API\InfluenceCalculator.API\InfluenceCalculator.API.csproj", "{6C1484B1-997F-46FB-A4D7-80914FE6418E}"
EndProject
Project("{2150E333-8FDC-42A3-9474-1A3956D46DE8}") = "InfluenceCalculator.API", "InfluenceCalculator.API", "{BFF72520-48AB-4FBD-9086-7AEFC8743B38}"
EndProject
Project("{2150E333-8FDC-42A3-9474-1A3956D46DE8}") = "Tests", "Tests", "{D7AE7453-DF8D-4AEA-ABDA-002891F6C780}"
EndProject
Project("{9A19103F-16F7-4668-BE54-9A1E7A4F7556}") = "InfluenceCalculator.UnitTests", "src\Services\InfluenceCalculator.API\Tests\InfluenceCalculator.UnitTests\InfluenceCalculator.UnitTests.csproj", "{94D28F52-D105-4F53-9167-4A968C7FA428}"
EndProject
Project("{2150E333-8FDC-42A3-9474-1A3956D46DE8}") = "PatientDataHandler.API", "PatientDataHandler.API", "{8935F66D-F1E7-4C5F-9C0E-F251E5E2192A}"
EndProject
Project("{2150E333-8FDC-42A3-9474-1A3956D46DE8}") = "Tests", "Tests", "{C8280AA6-5D64-427A-9D6C-9036E45B3ECA}"
EndProject
Project("{9A19103F-16F7-4668-BE54-9A1E7A4F7556}") = "PatientDataHandler.API", "src\Services\PatientDataHandler.API\PatientDataHandler.API\PatientDataHandler.API.csproj", "{FB257204-DCBE-4243-B1CD-AD6E936B0710}"
EndProject
Project("{9A19103F-16F7-4668-BE54-9A1E7A4F7556}") = "PatientDataHandler.UnitTests", "src\Services\PatientDataHandler.API\Tests\PatientDataHandler.UnitTests\PatientDataHandler.UnitTests.csproj", "{A8A546CA-6A0E-46F5-B401-62B9664FC560}"
EndProject
Project("{2150E333-8FDC-42A3-9474-1A3956D46DE8}") = "PatientsResolver.API", "PatientsResolver.API", "{098F5959-B072-4E7F-ADAB-081A7EF0EF69}"
EndProject
Project("{9A19103F-16F7-4668-BE54-9A1E7A4F7556}") = "PatientsResolver.API", "src\Services\PatientsResolver.API\PatientsResolver.API\PatientsResolver.API.csproj", "{B0C01ED3-42CD-4BE8-855C-AB63710DE9D3}"
EndProject
Project("{2150E333-8FDC-42A3-9474-1A3956D46DE8}") = "ApiGateways", "ApiGateways", "{9CE2D4ED-29AC-4114-9906-BE4E7B6169DC}"
EndProject
Project("{E53339B2-1760-4266-BCC7-CA923CBCF16C}") = "docker-compose", "docker-compose.dcproj", "{8E467D92-AF59-4833-B565-9424769F9A97}"
EndProject
Project("{9A19103F-16F7-4668-BE54-9A1E7A4F7556}") = "PatientsResolver.API.Messaging.Send", "src\Services\PatientsResolver.API\PatientsResolver.API.Messaging.Send\PatientsResolver.API.Messaging.Send.csproj", "{198595A3-07BA-487F-88DD-BB3B5D838BAC}"
EndProject
Project("{9A19103F-16F7-4668-BE54-9A1E7A4F7556}") = "PatientsResolver.API.Service", "src\Services\PatientsResolver.API\PatientsResolver.API.Service\PatientsResolver.API.Service.csproj", "{D8BE3965-5AEF-4180-AFB7-EB7EE5430D63}"
EndProject
Project("{9A19103F-16F7-4668-BE54-9A1E7A4F7556}") = "PatientsResolver.API.Messaging.Receive", "src\Services\PatientsResolver.API\PatientsResolver.API.Messaging.Receive\PatientsResolver.API.Messaging.Receive.csproj", "{11B6D910-BE8F-4927-A9AF-0188BC91264B}"
EndProject
Project("{9A19103F-16F7-4668-BE54-9A1E7A4F7556}") = "PatientsResolver.API.Entities", "src\Services\PatientsResolver.API\PatientsResolver.API.Entities\PatientsResolver.API.Entities.csproj", "{ED9AA8C4-E041-40BA-B568-98E3F5361DDA}"
EndProject
Project("{9A19103F-16F7-4668-BE54-9A1E7A4F7556}") = "PatientsResolver.API.Data", "src\Services\PatientsResolver.API\PatientsResolver.API.Data\PatientsResolver.API.Data.csproj", "{1D192C04-3C7D-4EB8-A046-2619D35771A0}"
EndProject
Project("{9A19103F-16F7-4668-BE54-9A1E7A4F7556}") = "PatientDataHandler.API.Entities", "src\Services\PatientDataHandler.API\PatientDataHandler.API.Entities\PatientDataHandler.API.Entities.csproj", "{ABBA57B9-2DB9-43A8-856F-1ABAF1B838B5}"
EndProject
Project("{9A19103F-16F7-4668-BE54-9A1E7A4F7556}") = "PatientDataHandler.API.Service", "src\Services\PatientDataHandler.API\PatientDataHandler.API.Service\PatientDataHandler.API.Service.csproj", "{EDAC359C-B587-41E6-9883-622E957C2DA6}"
EndProject
Project("{9A19103F-16F7-4668-BE54-9A1E7A4F7556}") = "PatientDataHandler.API.Messaging.Receive", "src\Services\PatientDataHandler.API\PatientDataHandler.API.Messaging.Receive\PatientDataHandler.API.Messaging.Receive.csproj", "{99E5FD86-94CB-4DE0-AF42-385D6DB02733}"
EndProject
Project("{9A19103F-16F7-4668-BE54-9A1E7A4F7556}") = "PatientDataHandler.API.Messaging.Send", "src\Services\PatientDataHandler.API\PatientDataHandler.API.Messaging.Send\PatientDataHandler.API.Messaging.Send.csproj", "{8AD76212-54C0-41FA-9A9A-E0508932AFB5}"
EndProject
Project("{2150E333-8FDC-42A3-9474-1A3956D46DE8}") = "ContainerRegister.API", "ContainerRegister.API", "{41DF15D3-5F46-4F4F-96C9-907074D348C6}"
EndProject
Project("{9A19103F-16F7-4668-BE54-9A1E7A4F7556}") = "ContainerRegister.API", "src\Services\ContainerRegister.API\ContainerRegister.API\ContainerRegister.API.csproj", "{B531A35B-C54F-440C-B745-C913F41D5F01}"
EndProject
Project("{9A19103F-16F7-4668-BE54-9A1E7A4F7556}") = "ContainerRegister.API.Service", "src\Services\ContainerRegister.API\ContainerRegister.API.Service\ContainerRegister.API.Service.csproj", "{453BD59D-5584-4599-8937-D320B5D46481}"
EndProject
Project("{9A19103F-16F7-4668-BE54-9A1E7A4F7556}") = "ContainerRegister.API.Entities", "src\Services\ContainerRegister.API\ContainerRegister.API.Entities\ContainerRegister.API.Entities.csproj", "{319D6C94-CD2A-403E-BE6A-0F18B200FCD6}"
EndProject
Project("{2150E333-8FDC-42A3-9474-1A3956D46DE8}") = "Agents.API", "Agents.API", "{703E34E8-AA9F-4772-8B74-B5AA2C57E2BE}"
EndProject
Project("{9A19103F-16F7-4668-BE54-9A1E7A4F7556}") = "Agents.API", "src\Services\Agents.API\Agents.API\Agents.API.csproj", "{2B4E9412-F63C-46CF-8338-00821EF0279C}"
EndProject
Project("{2150E333-8FDC-42A3-9474-1A3956D46DE8}") = "Tests", "Tests", "{E3D2CCD0-674B-425E-9C6B-D8429C421E6A}"
EndProject
Project("{9A19103F-16F7-4668-BE54-9A1E7A4F7556}") = "Agents.API.Entities", "src\Services\Agents.API\Agents.API.Entities\Agents.API.Entities.csproj", "{4B024DD4-91A1-484E-96F0-38C50FA71823}"
EndProject
Project("{9A19103F-16F7-4668-BE54-9A1E7A4F7556}") = "Agents.API.Messaging.Receive", "src\Services\Agents.API\Agents.API.Messaging.Receive\Agents.API.Messaging.Receive.csproj", "{2E51F25C-00CA-4D05-A521-C2A8CE20119A}"
EndProject
Project("{9A19103F-16F7-4668-BE54-9A1E7A4F7556}") = "Agents.API.Data", "src\Services\Agents.API\Agents.API.Data\Agents.API.Data.csproj", "{DBA3C5DE-E38F-4189-BF2A-02116A25704F}"
EndProject
Project("{9A19103F-16F7-4668-BE54-9A1E7A4F7556}") = "Agents.API.Service", "src\Services\Agents.API\Agents.API.Service\Agents.API.Service.csproj", "{61859384-5A95-412C-8263-75E5536F61C2}"
EndProject
Project("{2150E333-8FDC-42A3-9474-1A3956D46DE8}") = "BioAge.API", "BioAge.API", "{D05C09B6-FC3F-4F45-B58D-E00B30B2087C}"
EndProject
Project("{9A19103F-16F7-4668-BE54-9A1E7A4F7556}") = "BioAge.API", "src\Services\BioAge.API\BioAge.API\BioAge.API.csproj", "{DA065B70-EEF1-4C6F-99D3-8856B018EB28}"
EndProject
Project("{9A19103F-16F7-4668-BE54-9A1E7A4F7556}") = "BioAge.API.Entites", "src\Services\BioAge.API\BioAge.API.Entites\BioAge.API.Entites.csproj", "{DDB3D8A0-8D75-4E73-AC77-F050E8B85D8E}"
EndProject
Project("{9A19103F-16F7-4668-BE54-9A1E7A4F7556}") = "BioAge.API.Service", "src\Services\BioAge.API\BioAge.API.Service\BioAge.API.Service.csproj", "{E5FB05C2-5C08-416F-9AA0-595FFB6EC1B0}"
EndProject
Project("{2150E333-8FDC-42A3-9474-1A3956D46DE8}") = "Web", "Web", "{8A480F41-A135-4144-BFD5-E2FE2C03E8B6}"
EndProject
Project("{9A19103F-16F7-4668-BE54-9A1E7A4F7556}") = "WebMVC", "src\Web\WebMVC\WebMVC.csproj", "{8E79E225-48E6-4ECF-AFA2-9CE5842CAC01}"
EndProject
Project("{9A19103F-16F7-4668-BE54-9A1E7A4F7556}") = "Agents.API.UnitTests", "src\Services\Agents.API\Tests\Agents.API.UnitTests\Agents.API.UnitTests.csproj", "{65FCB295-220C-4681-B6B7-0F8B31BAC51B}"
EndProject
Project("{9A19103F-16F7-4668-BE54-9A1E7A4F7556}") = "PatientsResolver.API.UnitTests", "src\Services\PatientsResolver.API\Tests\PatientsResolver.API.UnitTests\PatientsResolver.API.UnitTests.csproj", "{2860A486-99D6-4534-98C1-0F91D2567C4E}"
EndProject
Project("{2150E333-8FDC-42A3-9474-1A3956D46DE8}") = "Tests", "Tests", "{8D3E71D4-B419-47AE-8F48-D325F78EB13F}"
EndProject
Project("{2150E333-8FDC-42A3-9474-1A3956D46DE8}") = "Envoy", "Envoy", "{F9081BAC-9727-417C-83AE-5937BEB663DF}"
	ProjectSection(SolutionItems) = preProject
		src\ApiGateways\Envoy\Dockerfile = src\ApiGateways\Envoy\Dockerfile
		src\ApiGateways\Envoy\envoy.yaml = src\ApiGateways\Envoy\envoy.yaml
	EndProjectSection
EndProject
Global
	GlobalSection(SolutionConfigurationPlatforms) = preSolution
		Debug|Any CPU = Debug|Any CPU
		Release|Any CPU = Release|Any CPU
	EndGlobalSection
	GlobalSection(ProjectConfigurationPlatforms) = postSolution
		{725D1E79-0947-4475-B8D3-E0B382994711}.Debug|Any CPU.ActiveCfg = Debug|Any CPU
		{725D1E79-0947-4475-B8D3-E0B382994711}.Debug|Any CPU.Build.0 = Debug|Any CPU
		{725D1E79-0947-4475-B8D3-E0B382994711}.Release|Any CPU.ActiveCfg = Release|Any CPU
		{725D1E79-0947-4475-B8D3-E0B382994711}.Release|Any CPU.Build.0 = Release|Any CPU
		{6C1484B1-997F-46FB-A4D7-80914FE6418E}.Debug|Any CPU.ActiveCfg = Debug|Any CPU
		{6C1484B1-997F-46FB-A4D7-80914FE6418E}.Debug|Any CPU.Build.0 = Debug|Any CPU
		{6C1484B1-997F-46FB-A4D7-80914FE6418E}.Release|Any CPU.ActiveCfg = Release|Any CPU
		{6C1484B1-997F-46FB-A4D7-80914FE6418E}.Release|Any CPU.Build.0 = Release|Any CPU
		{94D28F52-D105-4F53-9167-4A968C7FA428}.Debug|Any CPU.ActiveCfg = Debug|Any CPU
		{94D28F52-D105-4F53-9167-4A968C7FA428}.Debug|Any CPU.Build.0 = Debug|Any CPU
		{94D28F52-D105-4F53-9167-4A968C7FA428}.Release|Any CPU.ActiveCfg = Release|Any CPU
		{94D28F52-D105-4F53-9167-4A968C7FA428}.Release|Any CPU.Build.0 = Release|Any CPU
		{FB257204-DCBE-4243-B1CD-AD6E936B0710}.Debug|Any CPU.ActiveCfg = Debug|Any CPU
		{FB257204-DCBE-4243-B1CD-AD6E936B0710}.Debug|Any CPU.Build.0 = Debug|Any CPU
		{FB257204-DCBE-4243-B1CD-AD6E936B0710}.Release|Any CPU.ActiveCfg = Release|Any CPU
		{FB257204-DCBE-4243-B1CD-AD6E936B0710}.Release|Any CPU.Build.0 = Release|Any CPU
		{A8A546CA-6A0E-46F5-B401-62B9664FC560}.Debug|Any CPU.ActiveCfg = Debug|Any CPU
		{A8A546CA-6A0E-46F5-B401-62B9664FC560}.Debug|Any CPU.Build.0 = Debug|Any CPU
		{A8A546CA-6A0E-46F5-B401-62B9664FC560}.Release|Any CPU.ActiveCfg = Release|Any CPU
		{A8A546CA-6A0E-46F5-B401-62B9664FC560}.Release|Any CPU.Build.0 = Release|Any CPU
		{B0C01ED3-42CD-4BE8-855C-AB63710DE9D3}.Debug|Any CPU.ActiveCfg = Debug|Any CPU
		{B0C01ED3-42CD-4BE8-855C-AB63710DE9D3}.Debug|Any CPU.Build.0 = Debug|Any CPU
		{B0C01ED3-42CD-4BE8-855C-AB63710DE9D3}.Release|Any CPU.ActiveCfg = Release|Any CPU
		{B0C01ED3-42CD-4BE8-855C-AB63710DE9D3}.Release|Any CPU.Build.0 = Release|Any CPU
		{8E467D92-AF59-4833-B565-9424769F9A97}.Debug|Any CPU.ActiveCfg = Debug|Any CPU
		{8E467D92-AF59-4833-B565-9424769F9A97}.Debug|Any CPU.Build.0 = Debug|Any CPU
		{8E467D92-AF59-4833-B565-9424769F9A97}.Release|Any CPU.ActiveCfg = Release|Any CPU
		{8E467D92-AF59-4833-B565-9424769F9A97}.Release|Any CPU.Build.0 = Release|Any CPU
		{198595A3-07BA-487F-88DD-BB3B5D838BAC}.Debug|Any CPU.ActiveCfg = Debug|Any CPU
		{198595A3-07BA-487F-88DD-BB3B5D838BAC}.Debug|Any CPU.Build.0 = Debug|Any CPU
		{198595A3-07BA-487F-88DD-BB3B5D838BAC}.Release|Any CPU.ActiveCfg = Release|Any CPU
		{198595A3-07BA-487F-88DD-BB3B5D838BAC}.Release|Any CPU.Build.0 = Release|Any CPU
		{D8BE3965-5AEF-4180-AFB7-EB7EE5430D63}.Debug|Any CPU.ActiveCfg = Debug|Any CPU
		{D8BE3965-5AEF-4180-AFB7-EB7EE5430D63}.Debug|Any CPU.Build.0 = Debug|Any CPU
		{D8BE3965-5AEF-4180-AFB7-EB7EE5430D63}.Release|Any CPU.ActiveCfg = Release|Any CPU
		{D8BE3965-5AEF-4180-AFB7-EB7EE5430D63}.Release|Any CPU.Build.0 = Release|Any CPU
		{11B6D910-BE8F-4927-A9AF-0188BC91264B}.Debug|Any CPU.ActiveCfg = Debug|Any CPU
		{11B6D910-BE8F-4927-A9AF-0188BC91264B}.Debug|Any CPU.Build.0 = Debug|Any CPU
		{11B6D910-BE8F-4927-A9AF-0188BC91264B}.Release|Any CPU.ActiveCfg = Release|Any CPU
		{11B6D910-BE8F-4927-A9AF-0188BC91264B}.Release|Any CPU.Build.0 = Release|Any CPU
		{ED9AA8C4-E041-40BA-B568-98E3F5361DDA}.Debug|Any CPU.ActiveCfg = Debug|Any CPU
		{ED9AA8C4-E041-40BA-B568-98E3F5361DDA}.Debug|Any CPU.Build.0 = Debug|Any CPU
		{ED9AA8C4-E041-40BA-B568-98E3F5361DDA}.Release|Any CPU.ActiveCfg = Release|Any CPU
		{ED9AA8C4-E041-40BA-B568-98E3F5361DDA}.Release|Any CPU.Build.0 = Release|Any CPU
		{1D192C04-3C7D-4EB8-A046-2619D35771A0}.Debug|Any CPU.ActiveCfg = Debug|Any CPU
		{1D192C04-3C7D-4EB8-A046-2619D35771A0}.Debug|Any CPU.Build.0 = Debug|Any CPU
		{1D192C04-3C7D-4EB8-A046-2619D35771A0}.Release|Any CPU.ActiveCfg = Release|Any CPU
		{1D192C04-3C7D-4EB8-A046-2619D35771A0}.Release|Any CPU.Build.0 = Release|Any CPU
		{ABBA57B9-2DB9-43A8-856F-1ABAF1B838B5}.Debug|Any CPU.ActiveCfg = Debug|Any CPU
		{ABBA57B9-2DB9-43A8-856F-1ABAF1B838B5}.Debug|Any CPU.Build.0 = Debug|Any CPU
		{ABBA57B9-2DB9-43A8-856F-1ABAF1B838B5}.Release|Any CPU.ActiveCfg = Release|Any CPU
		{ABBA57B9-2DB9-43A8-856F-1ABAF1B838B5}.Release|Any CPU.Build.0 = Release|Any CPU
		{EDAC359C-B587-41E6-9883-622E957C2DA6}.Debug|Any CPU.ActiveCfg = Debug|Any CPU
		{EDAC359C-B587-41E6-9883-622E957C2DA6}.Debug|Any CPU.Build.0 = Debug|Any CPU
		{EDAC359C-B587-41E6-9883-622E957C2DA6}.Release|Any CPU.ActiveCfg = Release|Any CPU
		{EDAC359C-B587-41E6-9883-622E957C2DA6}.Release|Any CPU.Build.0 = Release|Any CPU
		{99E5FD86-94CB-4DE0-AF42-385D6DB02733}.Debug|Any CPU.ActiveCfg = Debug|Any CPU
		{99E5FD86-94CB-4DE0-AF42-385D6DB02733}.Debug|Any CPU.Build.0 = Debug|Any CPU
		{99E5FD86-94CB-4DE0-AF42-385D6DB02733}.Release|Any CPU.ActiveCfg = Release|Any CPU
		{99E5FD86-94CB-4DE0-AF42-385D6DB02733}.Release|Any CPU.Build.0 = Release|Any CPU
		{8AD76212-54C0-41FA-9A9A-E0508932AFB5}.Debug|Any CPU.ActiveCfg = Debug|Any CPU
		{8AD76212-54C0-41FA-9A9A-E0508932AFB5}.Debug|Any CPU.Build.0 = Debug|Any CPU
		{8AD76212-54C0-41FA-9A9A-E0508932AFB5}.Release|Any CPU.ActiveCfg = Release|Any CPU
		{8AD76212-54C0-41FA-9A9A-E0508932AFB5}.Release|Any CPU.Build.0 = Release|Any CPU
		{B531A35B-C54F-440C-B745-C913F41D5F01}.Debug|Any CPU.ActiveCfg = Debug|Any CPU
		{B531A35B-C54F-440C-B745-C913F41D5F01}.Debug|Any CPU.Build.0 = Debug|Any CPU
		{B531A35B-C54F-440C-B745-C913F41D5F01}.Release|Any CPU.ActiveCfg = Release|Any CPU
		{B531A35B-C54F-440C-B745-C913F41D5F01}.Release|Any CPU.Build.0 = Release|Any CPU
		{453BD59D-5584-4599-8937-D320B5D46481}.Debug|Any CPU.ActiveCfg = Debug|Any CPU
		{453BD59D-5584-4599-8937-D320B5D46481}.Debug|Any CPU.Build.0 = Debug|Any CPU
		{453BD59D-5584-4599-8937-D320B5D46481}.Release|Any CPU.ActiveCfg = Release|Any CPU
		{453BD59D-5584-4599-8937-D320B5D46481}.Release|Any CPU.Build.0 = Release|Any CPU
		{319D6C94-CD2A-403E-BE6A-0F18B200FCD6}.Debug|Any CPU.ActiveCfg = Debug|Any CPU
		{319D6C94-CD2A-403E-BE6A-0F18B200FCD6}.Debug|Any CPU.Build.0 = Debug|Any CPU
		{319D6C94-CD2A-403E-BE6A-0F18B200FCD6}.Release|Any CPU.ActiveCfg = Release|Any CPU
		{319D6C94-CD2A-403E-BE6A-0F18B200FCD6}.Release|Any CPU.Build.0 = Release|Any CPU
		{2B4E9412-F63C-46CF-8338-00821EF0279C}.Debug|Any CPU.ActiveCfg = Debug|Any CPU
		{2B4E9412-F63C-46CF-8338-00821EF0279C}.Debug|Any CPU.Build.0 = Debug|Any CPU
		{2B4E9412-F63C-46CF-8338-00821EF0279C}.Release|Any CPU.ActiveCfg = Release|Any CPU
		{2B4E9412-F63C-46CF-8338-00821EF0279C}.Release|Any CPU.Build.0 = Release|Any CPU
		{4B024DD4-91A1-484E-96F0-38C50FA71823}.Debug|Any CPU.ActiveCfg = Debug|Any CPU
		{4B024DD4-91A1-484E-96F0-38C50FA71823}.Debug|Any CPU.Build.0 = Debug|Any CPU
		{4B024DD4-91A1-484E-96F0-38C50FA71823}.Release|Any CPU.ActiveCfg = Release|Any CPU
		{4B024DD4-91A1-484E-96F0-38C50FA71823}.Release|Any CPU.Build.0 = Release|Any CPU
		{2E51F25C-00CA-4D05-A521-C2A8CE20119A}.Debug|Any CPU.ActiveCfg = Debug|Any CPU
		{2E51F25C-00CA-4D05-A521-C2A8CE20119A}.Debug|Any CPU.Build.0 = Debug|Any CPU
		{2E51F25C-00CA-4D05-A521-C2A8CE20119A}.Release|Any CPU.ActiveCfg = Release|Any CPU
		{2E51F25C-00CA-4D05-A521-C2A8CE20119A}.Release|Any CPU.Build.0 = Release|Any CPU
		{DBA3C5DE-E38F-4189-BF2A-02116A25704F}.Debug|Any CPU.ActiveCfg = Debug|Any CPU
		{DBA3C5DE-E38F-4189-BF2A-02116A25704F}.Debug|Any CPU.Build.0 = Debug|Any CPU
		{DBA3C5DE-E38F-4189-BF2A-02116A25704F}.Release|Any CPU.ActiveCfg = Release|Any CPU
		{DBA3C5DE-E38F-4189-BF2A-02116A25704F}.Release|Any CPU.Build.0 = Release|Any CPU
		{61859384-5A95-412C-8263-75E5536F61C2}.Debug|Any CPU.ActiveCfg = Debug|Any CPU
		{61859384-5A95-412C-8263-75E5536F61C2}.Debug|Any CPU.Build.0 = Debug|Any CPU
		{61859384-5A95-412C-8263-75E5536F61C2}.Release|Any CPU.ActiveCfg = Release|Any CPU
		{61859384-5A95-412C-8263-75E5536F61C2}.Release|Any CPU.Build.0 = Release|Any CPU
		{DA065B70-EEF1-4C6F-99D3-8856B018EB28}.Debug|Any CPU.ActiveCfg = Debug|Any CPU
		{DA065B70-EEF1-4C6F-99D3-8856B018EB28}.Debug|Any CPU.Build.0 = Debug|Any CPU
		{DA065B70-EEF1-4C6F-99D3-8856B018EB28}.Release|Any CPU.ActiveCfg = Release|Any CPU
		{DA065B70-EEF1-4C6F-99D3-8856B018EB28}.Release|Any CPU.Build.0 = Release|Any CPU
		{DDB3D8A0-8D75-4E73-AC77-F050E8B85D8E}.Debug|Any CPU.ActiveCfg = Debug|Any CPU
		{DDB3D8A0-8D75-4E73-AC77-F050E8B85D8E}.Debug|Any CPU.Build.0 = Debug|Any CPU
		{DDB3D8A0-8D75-4E73-AC77-F050E8B85D8E}.Release|Any CPU.ActiveCfg = Release|Any CPU
		{DDB3D8A0-8D75-4E73-AC77-F050E8B85D8E}.Release|Any CPU.Build.0 = Release|Any CPU
		{E5FB05C2-5C08-416F-9AA0-595FFB6EC1B0}.Debug|Any CPU.ActiveCfg = Debug|Any CPU
		{E5FB05C2-5C08-416F-9AA0-595FFB6EC1B0}.Debug|Any CPU.Build.0 = Debug|Any CPU
		{E5FB05C2-5C08-416F-9AA0-595FFB6EC1B0}.Release|Any CPU.ActiveCfg = Release|Any CPU
		{E5FB05C2-5C08-416F-9AA0-595FFB6EC1B0}.Release|Any CPU.Build.0 = Release|Any CPU
		{8E79E225-48E6-4ECF-AFA2-9CE5842CAC01}.Debug|Any CPU.ActiveCfg = Debug|Any CPU
		{8E79E225-48E6-4ECF-AFA2-9CE5842CAC01}.Debug|Any CPU.Build.0 = Debug|Any CPU
		{8E79E225-48E6-4ECF-AFA2-9CE5842CAC01}.Release|Any CPU.ActiveCfg = Release|Any CPU
		{8E79E225-48E6-4ECF-AFA2-9CE5842CAC01}.Release|Any CPU.Build.0 = Release|Any CPU
		{65FCB295-220C-4681-B6B7-0F8B31BAC51B}.Debug|Any CPU.ActiveCfg = Debug|Any CPU
		{65FCB295-220C-4681-B6B7-0F8B31BAC51B}.Debug|Any CPU.Build.0 = Debug|Any CPU
		{65FCB295-220C-4681-B6B7-0F8B31BAC51B}.Release|Any CPU.ActiveCfg = Release|Any CPU
		{65FCB295-220C-4681-B6B7-0F8B31BAC51B}.Release|Any CPU.Build.0 = Release|Any CPU
		{2860A486-99D6-4534-98C1-0F91D2567C4E}.Debug|Any CPU.ActiveCfg = Debug|Any CPU
		{2860A486-99D6-4534-98C1-0F91D2567C4E}.Debug|Any CPU.Build.0 = Debug|Any CPU
		{2860A486-99D6-4534-98C1-0F91D2567C4E}.Release|Any CPU.ActiveCfg = Release|Any CPU
		{2860A486-99D6-4534-98C1-0F91D2567C4E}.Release|Any CPU.Build.0 = Release|Any CPU
	EndGlobalSection
	GlobalSection(SolutionProperties) = preSolution
		HideSolutionNode = FALSE
	EndGlobalSection
	GlobalSection(NestedProjects) = preSolution
		{5926CB45-6876-4826-BAC9-5159CFE72BD6} = {2EEAF549-0BE6-4B9A-B2A2-9C9D405E9F48}
		{6C1484B1-997F-46FB-A4D7-80914FE6418E} = {BFF72520-48AB-4FBD-9086-7AEFC8743B38}
		{BFF72520-48AB-4FBD-9086-7AEFC8743B38} = {5926CB45-6876-4826-BAC9-5159CFE72BD6}
		{D7AE7453-DF8D-4AEA-ABDA-002891F6C780} = {BFF72520-48AB-4FBD-9086-7AEFC8743B38}
		{94D28F52-D105-4F53-9167-4A968C7FA428} = {D7AE7453-DF8D-4AEA-ABDA-002891F6C780}
		{8935F66D-F1E7-4C5F-9C0E-F251E5E2192A} = {5926CB45-6876-4826-BAC9-5159CFE72BD6}
		{C8280AA6-5D64-427A-9D6C-9036E45B3ECA} = {8935F66D-F1E7-4C5F-9C0E-F251E5E2192A}
		{FB257204-DCBE-4243-B1CD-AD6E936B0710} = {8935F66D-F1E7-4C5F-9C0E-F251E5E2192A}
		{A8A546CA-6A0E-46F5-B401-62B9664FC560} = {C8280AA6-5D64-427A-9D6C-9036E45B3ECA}
		{098F5959-B072-4E7F-ADAB-081A7EF0EF69} = {5926CB45-6876-4826-BAC9-5159CFE72BD6}
		{B0C01ED3-42CD-4BE8-855C-AB63710DE9D3} = {098F5959-B072-4E7F-ADAB-081A7EF0EF69}
		{9CE2D4ED-29AC-4114-9906-BE4E7B6169DC} = {2EEAF549-0BE6-4B9A-B2A2-9C9D405E9F48}
		{198595A3-07BA-487F-88DD-BB3B5D838BAC} = {098F5959-B072-4E7F-ADAB-081A7EF0EF69}
		{D8BE3965-5AEF-4180-AFB7-EB7EE5430D63} = {098F5959-B072-4E7F-ADAB-081A7EF0EF69}
		{11B6D910-BE8F-4927-A9AF-0188BC91264B} = {098F5959-B072-4E7F-ADAB-081A7EF0EF69}
		{ED9AA8C4-E041-40BA-B568-98E3F5361DDA} = {098F5959-B072-4E7F-ADAB-081A7EF0EF69}
		{1D192C04-3C7D-4EB8-A046-2619D35771A0} = {098F5959-B072-4E7F-ADAB-081A7EF0EF69}
		{ABBA57B9-2DB9-43A8-856F-1ABAF1B838B5} = {8935F66D-F1E7-4C5F-9C0E-F251E5E2192A}
		{EDAC359C-B587-41E6-9883-622E957C2DA6} = {8935F66D-F1E7-4C5F-9C0E-F251E5E2192A}
		{99E5FD86-94CB-4DE0-AF42-385D6DB02733} = {8935F66D-F1E7-4C5F-9C0E-F251E5E2192A}
		{8AD76212-54C0-41FA-9A9A-E0508932AFB5} = {8935F66D-F1E7-4C5F-9C0E-F251E5E2192A}
		{41DF15D3-5F46-4F4F-96C9-907074D348C6} = {5926CB45-6876-4826-BAC9-5159CFE72BD6}
		{B531A35B-C54F-440C-B745-C913F41D5F01} = {41DF15D3-5F46-4F4F-96C9-907074D348C6}
		{453BD59D-5584-4599-8937-D320B5D46481} = {41DF15D3-5F46-4F4F-96C9-907074D348C6}
		{319D6C94-CD2A-403E-BE6A-0F18B200FCD6} = {41DF15D3-5F46-4F4F-96C9-907074D348C6}
		{703E34E8-AA9F-4772-8B74-B5AA2C57E2BE} = {5926CB45-6876-4826-BAC9-5159CFE72BD6}
		{2B4E9412-F63C-46CF-8338-00821EF0279C} = {703E34E8-AA9F-4772-8B74-B5AA2C57E2BE}
		{E3D2CCD0-674B-425E-9C6B-D8429C421E6A} = {703E34E8-AA9F-4772-8B74-B5AA2C57E2BE}
		{4B024DD4-91A1-484E-96F0-38C50FA71823} = {703E34E8-AA9F-4772-8B74-B5AA2C57E2BE}
		{2E51F25C-00CA-4D05-A521-C2A8CE20119A} = {703E34E8-AA9F-4772-8B74-B5AA2C57E2BE}
		{DBA3C5DE-E38F-4189-BF2A-02116A25704F} = {703E34E8-AA9F-4772-8B74-B5AA2C57E2BE}
		{61859384-5A95-412C-8263-75E5536F61C2} = {703E34E8-AA9F-4772-8B74-B5AA2C57E2BE}
		{D05C09B6-FC3F-4F45-B58D-E00B30B2087C} = {5926CB45-6876-4826-BAC9-5159CFE72BD6}
		{DA065B70-EEF1-4C6F-99D3-8856B018EB28} = {D05C09B6-FC3F-4F45-B58D-E00B30B2087C}
		{DDB3D8A0-8D75-4E73-AC77-F050E8B85D8E} = {D05C09B6-FC3F-4F45-B58D-E00B30B2087C}
		{E5FB05C2-5C08-416F-9AA0-595FFB6EC1B0} = {D05C09B6-FC3F-4F45-B58D-E00B30B2087C}
		{8A480F41-A135-4144-BFD5-E2FE2C03E8B6} = {2EEAF549-0BE6-4B9A-B2A2-9C9D405E9F48}
		{8E79E225-48E6-4ECF-AFA2-9CE5842CAC01} = {8A480F41-A135-4144-BFD5-E2FE2C03E8B6}
		{65FCB295-220C-4681-B6B7-0F8B31BAC51B} = {E3D2CCD0-674B-425E-9C6B-D8429C421E6A}
		{F9081BAC-9727-417C-83AE-5937BEB663DF} = {9CE2D4ED-29AC-4114-9906-BE4E7B6169DC}
	EndGlobalSection
	GlobalSection(ExtensibilityGlobals) = postSolution
		SolutionGuid = {6FA4C998-2594-48A2-A283-C474A19E73B5}
	EndGlobalSection
EndGlobal
